// !$*UTF8*$!
{
	archiveVersion = 1;
	classes = {
	};
	objectVersion = 50;
	objects = {

/* Begin PBXBuildFile section */
		53BC5C2824D4F740009F3746 /* AppDelegate.swift in Sources */ = {isa = PBXBuildFile; fileRef = 53BC5C2724D4F740009F3746 /* AppDelegate.swift */; };
		53BC5C2A24D4F740009F3746 /* SceneDelegate.swift in Sources */ = {isa = PBXBuildFile; fileRef = 53BC5C2924D4F740009F3746 /* SceneDelegate.swift */; };
		53BC5C2C24D4F740009F3746 /* ViewController.swift in Sources */ = {isa = PBXBuildFile; fileRef = 53BC5C2B24D4F740009F3746 /* ViewController.swift */; };
		53BC5C2F24D4F740009F3746 /* Main.storyboard in Resources */ = {isa = PBXBuildFile; fileRef = 53BC5C2D24D4F740009F3746 /* Main.storyboard */; };
		53BC5C3124D4F743009F3746 /* Assets.xcassets in Resources */ = {isa = PBXBuildFile; fileRef = 53BC5C3024D4F743009F3746 /* Assets.xcassets */; };
		53BC5C3424D4F743009F3746 /* LaunchScreen.storyboard in Resources */ = {isa = PBXBuildFile; fileRef = 53BC5C3224D4F743009F3746 /* LaunchScreen.storyboard */; };
		53BC5C3F24D4F743009F3746 /* RxPresentationTests.swift in Sources */ = {isa = PBXBuildFile; fileRef = 53BC5C3E24D4F743009F3746 /* RxPresentationTests.swift */; };
		53BC5C4A24D4F743009F3746 /* RxPresentationUITests.swift in Sources */ = {isa = PBXBuildFile; fileRef = 53BC5C4924D4F743009F3746 /* RxPresentationUITests.swift */; };
/* End PBXBuildFile section */

/* Begin PBXContainerItemProxy section */
		53BC5C3B24D4F743009F3746 /* PBXContainerItemProxy */ = {
			isa = PBXContainerItemProxy;
			containerPortal = 53BC5C1C24D4F740009F3746 /* Project object */;
			proxyType = 1;
			remoteGlobalIDString = 53BC5C2324D4F740009F3746;
			remoteInfo = RxPresentation;
		};
		53BC5C4624D4F743009F3746 /* PBXContainerItemProxy */ = {
			isa = PBXContainerItemProxy;
			containerPortal = 53BC5C1C24D4F740009F3746 /* Project object */;
			proxyType = 1;
			remoteGlobalIDString = 53BC5C2324D4F740009F3746;
			remoteInfo = RxPresentation;
		};
/* End PBXContainerItemProxy section */

/* Begin PBXFileReference section */
		53BC5C2424D4F740009F3746 /* RxPresentation.app */ = {isa = PBXFileReference; explicitFileType = wrapper.application; includeInIndex = 0; path = RxPresentation.app; sourceTree = BUILT_PRODUCTS_DIR; };
		53BC5C2724D4F740009F3746 /* AppDelegate.swift */ = {isa = PBXFileReference; lastKnownFileType = sourcecode.swift; path = AppDelegate.swift; sourceTree = "<group>"; };
		53BC5C2924D4F740009F3746 /* SceneDelegate.swift */ = {isa = PBXFileReference; lastKnownFileType = sourcecode.swift; path = SceneDelegate.swift; sourceTree = "<group>"; };
		53BC5C2B24D4F740009F3746 /* ViewController.swift */ = {isa = PBXFileReference; lastKnownFileType = sourcecode.swift; path = ViewController.swift; sourceTree = "<group>"; };
		53BC5C2E24D4F740009F3746 /* Base */ = {isa = PBXFileReference; lastKnownFileType = file.storyboard; name = Base; path = Base.lproj/Main.storyboard; sourceTree = "<group>"; };
		53BC5C3024D4F743009F3746 /* Assets.xcassets */ = {isa = PBXFileReference; lastKnownFileType = folder.assetcatalog; path = Assets.xcassets; sourceTree = "<group>"; };
		53BC5C3324D4F743009F3746 /* Base */ = {isa = PBXFileReference; lastKnownFileType = file.storyboard; name = Base; path = Base.lproj/LaunchScreen.storyboard; sourceTree = "<group>"; };
		53BC5C3524D4F743009F3746 /* Info.plist */ = {isa = PBXFileReference; lastKnownFileType = text.plist.xml; path = Info.plist; sourceTree = "<group>"; };
		53BC5C3A24D4F743009F3746 /* RxPresentationTests.xctest */ = {isa = PBXFileReference; explicitFileType = wrapper.cfbundle; includeInIndex = 0; path = RxPresentationTests.xctest; sourceTree = BUILT_PRODUCTS_DIR; };
		53BC5C3E24D4F743009F3746 /* RxPresentationTests.swift */ = {isa = PBXFileReference; lastKnownFileType = sourcecode.swift; path = RxPresentationTests.swift; sourceTree = "<group>"; };
		53BC5C4024D4F743009F3746 /* Info.plist */ = {isa = PBXFileReference; lastKnownFileType = text.plist.xml; path = Info.plist; sourceTree = "<group>"; };
		53BC5C4524D4F743009F3746 /* RxPresentationUITests.xctest */ = {isa = PBXFileReference; explicitFileType = wrapper.cfbundle; includeInIndex = 0; path = RxPresentationUITests.xctest; sourceTree = BUILT_PRODUCTS_DIR; };
		53BC5C4924D4F743009F3746 /* RxPresentationUITests.swift */ = {isa = PBXFileReference; lastKnownFileType = sourcecode.swift; path = RxPresentationUITests.swift; sourceTree = "<group>"; };
		53BC5C4B24D4F743009F3746 /* Info.plist */ = {isa = PBXFileReference; lastKnownFileType = text.plist.xml; path = Info.plist; sourceTree = "<group>"; };
/* End PBXFileReference section */

/* Begin PBXFrameworksBuildPhase section */
		53BC5C2124D4F740009F3746 /* Frameworks */ = {
			isa = PBXFrameworksBuildPhase;
			buildActionMask = 2147483647;
			files = (
			);
			runOnlyForDeploymentPostprocessing = 0;
		};
		53BC5C3724D4F743009F3746 /* Frameworks */ = {
			isa = PBXFrameworksBuildPhase;
			buildActionMask = 2147483647;
			files = (
			);
			runOnlyForDeploymentPostprocessing = 0;
		};
		53BC5C4224D4F743009F3746 /* Frameworks */ = {
			isa = PBXFrameworksBuildPhase;
			buildActionMask = 2147483647;
			files = (
			);
			runOnlyForDeploymentPostprocessing = 0;
		};
/* End PBXFrameworksBuildPhase section */

/* Begin PBXGroup section */
		53BC5C1B24D4F740009F3746 = {
			isa = PBXGroup;
			children = (
				53BC5C2624D4F740009F3746 /* RxPresentation */,
				53BC5C3D24D4F743009F3746 /* RxPresentationTests */,
				53BC5C4824D4F743009F3746 /* RxPresentationUITests */,
				53BC5C2524D4F740009F3746 /* Products */,
			);
			sourceTree = "<group>";
		};
		53BC5C2524D4F740009F3746 /* Products */ = {
			isa = PBXGroup;
			children = (
				53BC5C2424D4F740009F3746 /* RxPresentation.app */,
				53BC5C3A24D4F743009F3746 /* RxPresentationTests.xctest */,
				53BC5C4524D4F743009F3746 /* RxPresentationUITests.xctest */,
			);
			name = Products;
			sourceTree = "<group>";
		};
		53BC5C2624D4F740009F3746 /* RxPresentation */ = {
			isa = PBXGroup;
			children = (
				53BC5C2724D4F740009F3746 /* AppDelegate.swift */,
				53BC5C2924D4F740009F3746 /* SceneDelegate.swift */,
				53BC5C2B24D4F740009F3746 /* ViewController.swift */,
				53BC5C2D24D4F740009F3746 /* Main.storyboard */,
				53BC5C3024D4F743009F3746 /* Assets.xcassets */,
				53BC5C3224D4F743009F3746 /* LaunchScreen.storyboard */,
				53BC5C3524D4F743009F3746 /* Info.plist */,
			);
			path = RxPresentation;
			sourceTree = "<group>";
		};
		53BC5C3D24D4F743009F3746 /* RxPresentationTests */ = {
			isa = PBXGroup;
			children = (
				53BC5C3E24D4F743009F3746 /* RxPresentationTests.swift */,
				53BC5C4024D4F743009F3746 /* Info.plist */,
			);
			path = RxPresentationTests;
			sourceTree = "<group>";
		};
		53BC5C4824D4F743009F3746 /* RxPresentationUITests */ = {
			isa = PBXGroup;
			children = (
				53BC5C4924D4F743009F3746 /* RxPresentationUITests.swift */,
				53BC5C4B24D4F743009F3746 /* Info.plist */,
			);
			path = RxPresentationUITests;
			sourceTree = "<group>";
		};
/* End PBXGroup section */

/* Begin PBXNativeTarget section */
		53BC5C2324D4F740009F3746 /* RxPresentation */ = {
			isa = PBXNativeTarget;
			buildConfigurationList = 53BC5C4E24D4F743009F3746 /* Build configuration list for PBXNativeTarget "RxPresentation" */;
			buildPhases = (
				53BC5C2024D4F740009F3746 /* Sources */,
				53BC5C2124D4F740009F3746 /* Frameworks */,
				53BC5C2224D4F740009F3746 /* Resources */,
			);
			buildRules = (
			);
			dependencies = (
			);
			name = RxPresentation;
			productName = RxPresentation;
			productReference = 53BC5C2424D4F740009F3746 /* RxPresentation.app */;
			productType = "com.apple.product-type.application";
		};
		53BC5C3924D4F743009F3746 /* RxPresentationTests */ = {
			isa = PBXNativeTarget;
			buildConfigurationList = 53BC5C5124D4F743009F3746 /* Build configuration list for PBXNativeTarget "RxPresentationTests" */;
			buildPhases = (
				53BC5C3624D4F743009F3746 /* Sources */,
				53BC5C3724D4F743009F3746 /* Frameworks */,
				53BC5C3824D4F743009F3746 /* Resources */,
			);
			buildRules = (
			);
			dependencies = (
				53BC5C3C24D4F743009F3746 /* PBXTargetDependency */,
			);
			name = RxPresentationTests;
			productName = RxPresentationTests;
			productReference = 53BC5C3A24D4F743009F3746 /* RxPresentationTests.xctest */;
			productType = "com.apple.product-type.bundle.unit-test";
		};
		53BC5C4424D4F743009F3746 /* RxPresentationUITests */ = {
			isa = PBXNativeTarget;
			buildConfigurationList = 53BC5C5424D4F743009F3746 /* Build configuration list for PBXNativeTarget "RxPresentationUITests" */;
			buildPhases = (
				53BC5C4124D4F743009F3746 /* Sources */,
				53BC5C4224D4F743009F3746 /* Frameworks */,
				53BC5C4324D4F743009F3746 /* Resources */,
			);
			buildRules = (
			);
			dependencies = (
				53BC5C4724D4F743009F3746 /* PBXTargetDependency */,
			);
			name = RxPresentationUITests;
			productName = RxPresentationUITests;
			productReference = 53BC5C4524D4F743009F3746 /* RxPresentationUITests.xctest */;
			productType = "com.apple.product-type.bundle.ui-testing";
		};
/* End PBXNativeTarget section */

/* Begin PBXProject section */
		53BC5C1C24D4F740009F3746 /* Project object */ = {
			isa = PBXProject;
			attributes = {
				LastSwiftUpdateCheck = 1130;
				LastUpgradeCheck = 1130;
				ORGANIZATIONNAME = "Gabriel Faustino dos Santos - GSN";
				TargetAttributes = {
					53BC5C2324D4F740009F3746 = {
						CreatedOnToolsVersion = 11.3;
					};
					53BC5C3924D4F743009F3746 = {
						CreatedOnToolsVersion = 11.3;
						TestTargetID = 53BC5C2324D4F740009F3746;
					};
					53BC5C4424D4F743009F3746 = {
						CreatedOnToolsVersion = 11.3;
						TestTargetID = 53BC5C2324D4F740009F3746;
					};
				};
			};
			buildConfigurationList = 53BC5C1F24D4F740009F3746 /* Build configuration list for PBXProject "RxPresentation" */;
			compatibilityVersion = "Xcode 9.3";
			developmentRegion = en;
			hasScannedForEncodings = 0;
			knownRegions = (
				en,
				Base,
			);
			mainGroup = 53BC5C1B24D4F740009F3746;
			productRefGroup = 53BC5C2524D4F740009F3746 /* Products */;
			projectDirPath = "";
			projectRoot = "";
			targets = (
				53BC5C2324D4F740009F3746 /* RxPresentation */,
				53BC5C3924D4F743009F3746 /* RxPresentationTests */,
				53BC5C4424D4F743009F3746 /* RxPresentationUITests */,
			);
		};
/* End PBXProject section */

/* Begin PBXResourcesBuildPhase section */
		53BC5C2224D4F740009F3746 /* Resources */ = {
			isa = PBXResourcesBuildPhase;
			buildActionMask = 2147483647;
			files = (
				53BC5C3424D4F743009F3746 /* LaunchScreen.storyboard in Resources */,
				53BC5C3124D4F743009F3746 /* Assets.xcassets in Resources */,
				53BC5C2F24D4F740009F3746 /* Main.storyboard in Resources */,
			);
			runOnlyForDeploymentPostprocessing = 0;
		};
		53BC5C3824D4F743009F3746 /* Resources */ = {
			isa = PBXResourcesBuildPhase;
			buildActionMask = 2147483647;
			files = (
			);
			runOnlyForDeploymentPostprocessing = 0;
		};
		53BC5C4324D4F743009F3746 /* Resources */ = {
			isa = PBXResourcesBuildPhase;
			buildActionMask = 2147483647;
			files = (
			);
			runOnlyForDeploymentPostprocessing = 0;
		};
/* End PBXResourcesBuildPhase section */

/* Begin PBXSourcesBuildPhase section */
		53BC5C2024D4F740009F3746 /* Sources */ = {
			isa = PBXSourcesBuildPhase;
			buildActionMask = 2147483647;
			files = (
				53BC5C2C24D4F740009F3746 /* ViewController.swift in Sources */,
				53BC5C2824D4F740009F3746 /* AppDelegate.swift in Sources */,
				53BC5C2A24D4F740009F3746 /* SceneDelegate.swift in Sources */,
			);
			runOnlyForDeploymentPostprocessing = 0;
		};
		53BC5C3624D4F743009F3746 /* Sources */ = {
			isa = PBXSourcesBuildPhase;
			buildActionMask = 2147483647;
			files = (
				53BC5C3F24D4F743009F3746 /* RxPresentationTests.swift in Sources */,
			);
			runOnlyForDeploymentPostprocessing = 0;
		};
		53BC5C4124D4F743009F3746 /* Sources */ = {
			isa = PBXSourcesBuildPhase;
			buildActionMask = 2147483647;
			files = (
				53BC5C4A24D4F743009F3746 /* RxPresentationUITests.swift in Sources */,
			);
			runOnlyForDeploymentPostprocessing = 0;
		};
/* End PBXSourcesBuildPhase section */

/* Begin PBXTargetDependency section */
		53BC5C3C24D4F743009F3746 /* PBXTargetDependency */ = {
			isa = PBXTargetDependency;
			target = 53BC5C2324D4F740009F3746 /* RxPresentation */;
			targetProxy = 53BC5C3B24D4F743009F3746 /* PBXContainerItemProxy */;
		};
		53BC5C4724D4F743009F3746 /* PBXTargetDependency */ = {
			isa = PBXTargetDependency;
			target = 53BC5C2324D4F740009F3746 /* RxPresentation */;
			targetProxy = 53BC5C4624D4F743009F3746 /* PBXContainerItemProxy */;
		};
/* End PBXTargetDependency section */

/* Begin PBXVariantGroup section */
		53BC5C2D24D4F740009F3746 /* Main.storyboard */ = {
			isa = PBXVariantGroup;
			children = (
				53BC5C2E24D4F740009F3746 /* Base */,
			);
			name = Main.storyboard;
			sourceTree = "<group>";
		};
		53BC5C3224D4F743009F3746 /* LaunchScreen.storyboard */ = {
			isa = PBXVariantGroup;
			children = (
				53BC5C3324D4F743009F3746 /* Base */,
			);
			name = LaunchScreen.storyboard;
			sourceTree = "<group>";
		};
/* End PBXVariantGroup section */

/* Begin XCBuildConfiguration section */
		53BC5C4C24D4F743009F3746 /* Debug */ = {
			isa = XCBuildConfiguration;
			buildSettings = {
				ALWAYS_SEARCH_USER_PATHS = NO;
				CLANG_ANALYZER_NONNULL = YES;
				CLANG_ANALYZER_NUMBER_OBJECT_CONVERSION = YES_AGGRESSIVE;
				CLANG_CXX_LANGUAGE_STANDARD = "gnu++14";
				CLANG_CXX_LIBRARY = "libc++";
				CLANG_ENABLE_MODULES = YES;
				CLANG_ENABLE_OBJC_ARC = YES;
				CLANG_ENABLE_OBJC_WEAK = YES;
				CLANG_WARN_BLOCK_CAPTURE_AUTORELEASING = YES;
				CLANG_WARN_BOOL_CONVERSION = YES;
				CLANG_WARN_COMMA = YES;
				CLANG_WARN_CONSTANT_CONVERSION = YES;
				CLANG_WARN_DEPRECATED_OBJC_IMPLEMENTATIONS = YES;
				CLANG_WARN_DIRECT_OBJC_ISA_USAGE = YES_ERROR;
				CLANG_WARN_DOCUMENTATION_COMMENTS = YES;
				CLANG_WARN_EMPTY_BODY = YES;
				CLANG_WARN_ENUM_CONVERSION = YES;
				CLANG_WARN_INFINITE_RECURSION = YES;
				CLANG_WARN_INT_CONVERSION = YES;
				CLANG_WARN_NON_LITERAL_NULL_CONVERSION = YES;
				CLANG_WARN_OBJC_IMPLICIT_RETAIN_SELF = YES;
				CLANG_WARN_OBJC_LITERAL_CONVERSION = YES;
				CLANG_WARN_OBJC_ROOT_CLASS = YES_ERROR;
				CLANG_WARN_RANGE_LOOP_ANALYSIS = YES;
				CLANG_WARN_STRICT_PROTOTYPES = YES;
				CLANG_WARN_SUSPICIOUS_MOVE = YES;
				CLANG_WARN_UNGUARDED_AVAILABILITY = YES_AGGRESSIVE;
				CLANG_WARN_UNREACHABLE_CODE = YES;
				CLANG_WARN__DUPLICATE_METHOD_MATCH = YES;
				COPY_PHASE_STRIP = NO;
				DEBUG_INFORMATION_FORMAT = dwarf;
				ENABLE_STRICT_OBJC_MSGSEND = YES;
				ENABLE_TESTABILITY = YES;
				GCC_C_LANGUAGE_STANDARD = gnu11;
				GCC_DYNAMIC_NO_PIC = NO;
				GCC_NO_COMMON_BLOCKS = YES;
				GCC_OPTIMIZATION_LEVEL = 0;
				GCC_PREPROCESSOR_DEFINITIONS = (
					"DEBUG=1",
					"$(inherited)",
				);
				GCC_WARN_64_TO_32_BIT_CONVERSION = YES;
				GCC_WARN_ABOUT_RETURN_TYPE = YES_ERROR;
				GCC_WARN_UNDECLARED_SELECTOR = YES;
				GCC_WARN_UNINITIALIZED_AUTOS = YES_AGGRESSIVE;
				GCC_WARN_UNUSED_FUNCTION = YES;
				GCC_WARN_UNUSED_VARIABLE = YES;
				IPHONEOS_DEPLOYMENT_TARGET = 13.2;
				MTL_ENABLE_DEBUG_INFO = INCLUDE_SOURCE;
				MTL_FAST_MATH = YES;
				ONLY_ACTIVE_ARCH = YES;
				SDKROOT = iphoneos;
				SWIFT_ACTIVE_COMPILATION_CONDITIONS = DEBUG;
				SWIFT_OPTIMIZATION_LEVEL = "-Onone";
			};
			name = Debug;
		};
		53BC5C4D24D4F743009F3746 /* Release */ = {
			isa = XCBuildConfiguration;
			buildSettings = {
				ALWAYS_SEARCH_USER_PATHS = NO;
				CLANG_ANALYZER_NONNULL = YES;
				CLANG_ANALYZER_NUMBER_OBJECT_CONVERSION = YES_AGGRESSIVE;
				CLANG_CXX_LANGUAGE_STANDARD = "gnu++14";
				CLANG_CXX_LIBRARY = "libc++";
				CLANG_ENABLE_MODULES = YES;
				CLANG_ENABLE_OBJC_ARC = YES;
				CLANG_ENABLE_OBJC_WEAK = YES;
				CLANG_WARN_BLOCK_CAPTURE_AUTORELEASING = YES;
				CLANG_WARN_BOOL_CONVERSION = YES;
				CLANG_WARN_COMMA = YES;
				CLANG_WARN_CONSTANT_CONVERSION = YES;
				CLANG_WARN_DEPRECATED_OBJC_IMPLEMENTATIONS = YES;
				CLANG_WARN_DIRECT_OBJC_ISA_USAGE = YES_ERROR;
				CLANG_WARN_DOCUMENTATION_COMMENTS = YES;
				CLANG_WARN_EMPTY_BODY = YES;
				CLANG_WARN_ENUM_CONVERSION = YES;
				CLANG_WARN_INFINITE_RECURSION = YES;
				CLANG_WARN_INT_CONVERSION = YES;
				CLANG_WARN_NON_LITERAL_NULL_CONVERSION = YES;
				CLANG_WARN_OBJC_IMPLICIT_RETAIN_SELF = YES;
				CLANG_WARN_OBJC_LITERAL_CONVERSION = YES;
				CLANG_WARN_OBJC_ROOT_CLASS = YES_ERROR;
				CLANG_WARN_RANGE_LOOP_ANALYSIS = YES;
				CLANG_WARN_STRICT_PROTOTYPES = YES;
				CLANG_WARN_SUSPICIOUS_MOVE = YES;
				CLANG_WARN_UNGUARDED_AVAILABILITY = YES_AGGRESSIVE;
				CLANG_WARN_UNREACHABLE_CODE = YES;
				CLANG_WARN__DUPLICATE_METHOD_MATCH = YES;
				COPY_PHASE_STRIP = NO;
				DEBUG_INFORMATION_FORMAT = "dwarf-with-dsym";
				ENABLE_NS_ASSERTIONS = NO;
				ENABLE_STRICT_OBJC_MSGSEND = YES;
				GCC_C_LANGUAGE_STANDARD = gnu11;
				GCC_NO_COMMON_BLOCKS = YES;
				GCC_WARN_64_TO_32_BIT_CONVERSION = YES;
				GCC_WARN_ABOUT_RETURN_TYPE = YES_ERROR;
				GCC_WARN_UNDECLARED_SELECTOR = YES;
				GCC_WARN_UNINITIALIZED_AUTOS = YES_AGGRESSIVE;
				GCC_WARN_UNUSED_FUNCTION = YES;
				GCC_WARN_UNUSED_VARIABLE = YES;
				IPHONEOS_DEPLOYMENT_TARGET = 13.2;
				MTL_ENABLE_DEBUG_INFO = NO;
				MTL_FAST_MATH = YES;
				SDKROOT = iphoneos;
				SWIFT_COMPILATION_MODE = wholemodule;
				SWIFT_OPTIMIZATION_LEVEL = "-O";
				VALIDATE_PRODUCT = YES;
			};
			name = Release;
		};
		53BC5C4F24D4F743009F3746 /* Debug */ = {
			isa = XCBuildConfiguration;
			buildSettings = {
				ASSETCATALOG_COMPILER_APPICON_NAME = AppIcon;
				CODE_SIGN_STYLE = Automatic;
				DEVELOPMENT_TEAM = 5732TPPKV9;
				INFOPLIST_FILE = RxPresentation/Info.plist;
				LD_RUNPATH_SEARCH_PATHS = (
					"$(inherited)",
					"@executable_path/Frameworks",
				);
				PRODUCT_BUNDLE_IDENTIFIER = com.br.iteris.RxPresentation;
				PRODUCT_NAME = "$(TARGET_NAME)";
				SWIFT_VERSION = 5.0;
				TARGETED_DEVICE_FAMILY = "1,2";
			};
			name = Debug;
		};
		53BC5C5024D4F743009F3746 /* Release */ = {
			isa = XCBuildConfiguration;
			buildSettings = {
				ASSETCATALOG_COMPILER_APPICON_NAME = AppIcon;
				CODE_SIGN_STYLE = Automatic;
				DEVELOPMENT_TEAM = 5732TPPKV9;
				INFOPLIST_FILE = RxPresentation/Info.plist;
				LD_RUNPATH_SEARCH_PATHS = (
					"$(inherited)",
					"@executable_path/Frameworks",
				);
				PRODUCT_BUNDLE_IDENTIFIER = com.br.iteris.RxPresentation;
				PRODUCT_NAME = "$(TARGET_NAME)";
				SWIFT_VERSION = 5.0;
				TARGETED_DEVICE_FAMILY = "1,2";
			};
			name = Release;
		};
		53BC5C5224D4F743009F3746 /* Debug */ = {
			isa = XCBuildConfiguration;
			buildSettings = {
				ALWAYS_EMBED_SWIFT_STANDARD_LIBRARIES = YES;
				BUNDLE_LOADER = "$(TEST_HOST)";
				CODE_SIGN_STYLE = Automatic;
				DEVELOPMENT_TEAM = 5732TPPKV9;
				INFOPLIST_FILE = RxPresentationTests/Info.plist;
				IPHONEOS_DEPLOYMENT_TARGET = 13.2;
				LD_RUNPATH_SEARCH_PATHS = (
					"$(inherited)",
					"@executable_path/Frameworks",
					"@loader_path/Frameworks",
				);
				PRODUCT_BUNDLE_IDENTIFIER = com.br.iteris.RxPresentationTests;
				PRODUCT_NAME = "$(TARGET_NAME)";
				SWIFT_VERSION = 5.0;
				TARGETED_DEVICE_FAMILY = "1,2";
				TEST_HOST = "$(BUILT_PRODUCTS_DIR)/RxPresentation.app/RxPresentation";
			};
			name = Debug;
		};
		53BC5C5324D4F743009F3746 /* Release */ = {
			isa = XCBuildConfiguration;
			buildSettings = {
				ALWAYS_EMBED_SWIFT_STANDARD_LIBRARIES = YES;
				BUNDLE_LOADER = "$(TEST_HOST)";
				CODE_SIGN_STYLE = Automatic;
				DEVELOPMENT_TEAM = 5732TPPKV9;
				INFOPLIST_FILE = RxPresentationTests/Info.plist;
				IPHONEOS_DEPLOYMENT_TARGET = 13.2;
				LD_RUNPATH_SEARCH_PATHS = (
					"$(inherited)",
					"@executable_path/Frameworks",
					"@loader_path/Frameworks",
				);
				PRODUCT_BUNDLE_IDENTIFIER = com.br.iteris.RxPresentationTests;
				PRODUCT_NAME = "$(TARGET_NAME)";
				SWIFT_VERSION = 5.0;
				TARGETED_DEVICE_FAMILY = "1,2";
				TEST_HOST = "$(BUILT_PRODUCTS_DIR)/RxPresentation.app/RxPresentation";
			};
			name = Release;
		};
		53BC5C5524D4F743009F3746 /* Debug */ = {
			isa = XCBuildConfiguration;
			buildSettings = {
				ALWAYS_EMBED_SWIFT_STANDARD_LIBRARIES = YES;
				CODE_SIGN_STYLE = Automatic;
				DEVELOPMENT_TEAM = 5732TPPKV9;
				INFOPLIST_FILE = RxPresentationUITests/Info.plist;
				LD_RUNPATH_SEARCH_PATHS = (
					"$(inherited)",
					"@executable_path/Frameworks",
					"@loader_path/Frameworks",
				);
				PRODUCT_BUNDLE_IDENTIFIER = com.br.iteris.RxPresentationUITests;
				PRODUCT_NAME = "$(TARGET_NAME)";
				SWIFT_VERSION = 5.0;
				TARGETED_DEVICE_FAMILY = "1,2";
				TEST_TARGET_NAME = RxPresentation;
			};
			name = Debug;
		};
		53BC5C5624D4F743009F3746 /* Release */ = {
			isa = XCBuildConfiguration;
			buildSettings = {
				ALWAYS_EMBED_SWIFT_STANDARD_LIBRARIES = YES;
				CODE_SIGN_STYLE = Automatic;
				DEVELOPMENT_TEAM = 5732TPPKV9;
				INFOPLIST_FILE = RxPresentationUITests/Info.plist;
				LD_RUNPATH_SEARCH_PATHS = (
					"$(inherited)",
					"@executable_path/Frameworks",
					"@loader_path/Frameworks",
				);
				PRODUCT_BUNDLE_IDENTIFIER = com.br.iteris.RxPresentationUITests;
				PRODUCT_NAME = "$(TARGET_NAME)";
				SWIFT_VERSION = 5.0;
				TARGETED_DEVICE_FAMILY = "1,2";
				TEST_TARGET_NAME = RxPresentation;
			};
			name = Release;
		};
/* End XCBuildConfiguration section */

/* Begin XCConfigurationList section */
		53BC5C1F24D4F740009F3746 /* Build configuration list for PBXProject "RxPresentation" */ = {
			isa = XCConfigurationList;
			buildConfigurations = (
				53BC5C4C24D4F743009F3746 /* Debug */,
				53BC5C4D24D4F743009F3746 /* Release */,
			);
			defaultConfigurationIsVisible = 0;
			defaultConfigurationName = Release;
		};
		53BC5C4E24D4F743009F3746 /* Build configuration list for PBXNativeTarget "RxPresentation" */ = {
			isa = XCConfigurationList;
			buildConfigurations = (
				53BC5C4F24D4F743009F3746 /* Debug */,
				53BC5C5024D4F743009F3746 /* Release */,
			);
			defaultConfigurationIsVisible = 0;
			defaultConfigurationName = Release;
		};
		53BC5C5124D4F743009F3746 /* Build configuration list for PBXNativeTarget "RxPresentationTests" */ = {
			isa = XCConfigurationList;
			buildConfigurations = (
				53BC5C5224D4F743009F3746 /* Debug */,
				53BC5C5324D4F743009F3746 /* Release */,
			);
			defaultConfigurationIsVisible = 0;
			defaultConfigurationName = Release;
		};
		53BC5C5424D4F743009F3746 /* Build configuration list for PBXNativeTarget "RxPresentationUITests" */ = {
			isa = XCConfigurationList;
			buildConfigurations = (
				53BC5C5524D4F743009F3746 /* Debug */,
				53BC5C5624D4F743009F3746 /* Release */,
			);
			defaultConfigurationIsVisible = 0;
			defaultConfigurationName = Release;
		};
/* End XCConfigurationList section */
	};
	rootObject = 53BC5C1C24D4F740009F3746 /* Project object */;
}
